// !$*UTF8*$!
{
	archiveVersion = 1;
	classes = {
	};
	objectVersion = 50;
	objects = {

/* Begin PBXBuildFile section */
		3718804A25D9D11B002E0B77 /* AppDelegate.swift in Sources */ = {isa = PBXBuildFile; fileRef = 3718804925D9D11B002E0B77 /* AppDelegate.swift */; };
		3718804C25D9D11B002E0B77 /* SceneDelegate.swift in Sources */ = {isa = PBXBuildFile; fileRef = 3718804B25D9D11B002E0B77 /* SceneDelegate.swift */; };
		3718804E25D9D11B002E0B77 /* ViewController.swift in Sources */ = {isa = PBXBuildFile; fileRef = 3718804D25D9D11B002E0B77 /* ViewController.swift */; };
		3718805125D9D11B002E0B77 /* Main.storyboard in Resources */ = {isa = PBXBuildFile; fileRef = 3718804F25D9D11B002E0B77 /* Main.storyboard */; };
		3718805325D9D11C002E0B77 /* Assets.xcassets in Resources */ = {isa = PBXBuildFile; fileRef = 3718805225D9D11C002E0B77 /* Assets.xcassets */; };
		3718805625D9D11C002E0B77 /* LaunchScreen.storyboard in Resources */ = {isa = PBXBuildFile; fileRef = 3718805425D9D11C002E0B77 /* LaunchScreen.storyboard */; };
		372277D525DC1CE400FE4F3B /* TemperatureViewController.swift in Sources */ = {isa = PBXBuildFile; fileRef = 372277D425DC1CE400FE4F3B /* TemperatureViewController.swift */; };
		374B0C8B25FFE557007C1E04 /* Utils.swift in Sources */ = {isa = PBXBuildFile; fileRef = 374B0C8A25FFE557007C1E04 /* Utils.swift */; };
		3769CA32260053FA00502052 /* UIViewController+Toast.swift in Sources */ = {isa = PBXBuildFile; fileRef = 3769CA31260053FA00502052 /* UIViewController+Toast.swift */; };
		379D86DA25FEBC8200FEACD1 /* UITableView+EmptyMessage.swift in Sources */ = {isa = PBXBuildFile; fileRef = 379D86D925FEBC8200FEACD1 /* UITableView+EmptyMessage.swift */; };
		379D86DD25FEC79B00FEACD1 /* Temperature.swift in Sources */ = {isa = PBXBuildFile; fileRef = 379D86DC25FEC79B00FEACD1 /* Temperature.swift */; };
		37C2FF8126012ED2005392FE /* Speed.swift in Sources */ = {isa = PBXBuildFile; fileRef = 37C2FF8026012ED2005392FE /* Speed.swift */; };
		37CBC0BD26014D4C00D1F3FE /* Length.swift in Sources */ = {isa = PBXBuildFile; fileRef = 37CBC0BC26014D4C00D1F3FE /* Length.swift */; };
		37DAEF7425FC1E3C005779C2 /* HistoryViewController.swift in Sources */ = {isa = PBXBuildFile; fileRef = 37DAEF7325FC1E3C005779C2 /* HistoryViewController.swift */; };
		37DAEF7725FC4ACF005779C2 /* SettingsViewController.swift in Sources */ = {isa = PBXBuildFile; fileRef = 37DAEF7625FC4ACF005779C2 /* SettingsViewController.swift */; };
		37E274D525DDD3EF003B663F /* SpeedViewController.swift in Sources */ = {isa = PBXBuildFile; fileRef = 37E274D425DDD3EF003B663F /* SpeedViewController.swift */; };
		37E274D825DDD40E003B663F /* WeightViewController.swift in Sources */ = {isa = PBXBuildFile; fileRef = 37E274D725DDD40E003B663F /* WeightViewController.swift */; };
		37E274DB25DDD423003B663F /* VolumeViewController.swift in Sources */ = {isa = PBXBuildFile; fileRef = 37E274DA25DDD423003B663F /* VolumeViewController.swift */; };
		37E274DE25DDD435003B663F /* LengthViewController.swift in Sources */ = {isa = PBXBuildFile; fileRef = 37E274DD25DDD435003B663F /* LengthViewController.swift */; };
		37E274E925DDD704003B663F /* CustomKeyboard.swift in Sources */ = {isa = PBXBuildFile; fileRef = 37E274E725DDD704003B663F /* CustomKeyboard.swift */; };
		37E274EA25DDD704003B663F /* CustomKeyboard.xib in Resources */ = {isa = PBXBuildFile; fileRef = 37E274E825DDD704003B663F /* CustomKeyboard.xib */; };
/* End PBXBuildFile section */

/* Begin PBXFileReference section */
		3718804625D9D11B002E0B77 /* UnitConverter.app */ = {isa = PBXFileReference; explicitFileType = wrapper.application; includeInIndex = 0; path = UnitConverter.app; sourceTree = BUILT_PRODUCTS_DIR; };
		3718804925D9D11B002E0B77 /* AppDelegate.swift */ = {isa = PBXFileReference; lastKnownFileType = sourcecode.swift; path = AppDelegate.swift; sourceTree = "<group>"; };
		3718804B25D9D11B002E0B77 /* SceneDelegate.swift */ = {isa = PBXFileReference; lastKnownFileType = sourcecode.swift; path = SceneDelegate.swift; sourceTree = "<group>"; };
		3718804D25D9D11B002E0B77 /* ViewController.swift */ = {isa = PBXFileReference; lastKnownFileType = sourcecode.swift; path = ViewController.swift; sourceTree = "<group>"; };
		3718805025D9D11B002E0B77 /* Base */ = {isa = PBXFileReference; lastKnownFileType = file.storyboard; name = Base; path = Base.lproj/Main.storyboard; sourceTree = "<group>"; };
		3718805225D9D11C002E0B77 /* Assets.xcassets */ = {isa = PBXFileReference; lastKnownFileType = folder.assetcatalog; path = Assets.xcassets; sourceTree = "<group>"; };
		3718805525D9D11C002E0B77 /* Base */ = {isa = PBXFileReference; lastKnownFileType = file.storyboard; name = Base; path = Base.lproj/LaunchScreen.storyboard; sourceTree = "<group>"; };
		3718805725D9D11C002E0B77 /* Info.plist */ = {isa = PBXFileReference; lastKnownFileType = text.plist.xml; path = Info.plist; sourceTree = "<group>"; };
		372277D425DC1CE400FE4F3B /* TemperatureViewController.swift */ = {isa = PBXFileReference; lastKnownFileType = sourcecode.swift; path = TemperatureViewController.swift; sourceTree = "<group>"; };
		374B0C8A25FFE557007C1E04 /* Utils.swift */ = {isa = PBXFileReference; lastKnownFileType = sourcecode.swift; path = Utils.swift; sourceTree = "<group>"; };
		3769CA31260053FA00502052 /* UIViewController+Toast.swift */ = {isa = PBXFileReference; lastKnownFileType = sourcecode.swift; path = "UIViewController+Toast.swift"; sourceTree = "<group>"; };
		379D86D925FEBC8200FEACD1 /* UITableView+EmptyMessage.swift */ = {isa = PBXFileReference; lastKnownFileType = sourcecode.swift; path = "UITableView+EmptyMessage.swift"; sourceTree = "<group>"; };
		379D86DC25FEC79B00FEACD1 /* Temperature.swift */ = {isa = PBXFileReference; lastKnownFileType = sourcecode.swift; path = Temperature.swift; sourceTree = "<group>"; };
		37C2FF8026012ED2005392FE /* Speed.swift */ = {isa = PBXFileReference; lastKnownFileType = sourcecode.swift; path = Speed.swift; sourceTree = "<group>"; };
		37CBC0BC26014D4C00D1F3FE /* Length.swift */ = {isa = PBXFileReference; lastKnownFileType = sourcecode.swift; path = Length.swift; sourceTree = "<group>"; };
		37DAEF7325FC1E3C005779C2 /* HistoryViewController.swift */ = {isa = PBXFileReference; lastKnownFileType = sourcecode.swift; path = HistoryViewController.swift; sourceTree = "<group>"; };
		37DAEF7625FC4ACF005779C2 /* SettingsViewController.swift */ = {isa = PBXFileReference; lastKnownFileType = sourcecode.swift; path = SettingsViewController.swift; sourceTree = "<group>"; };
		37E274D425DDD3EF003B663F /* SpeedViewController.swift */ = {isa = PBXFileReference; lastKnownFileType = sourcecode.swift; path = SpeedViewController.swift; sourceTree = "<group>"; };
		37E274D725DDD40E003B663F /* WeightViewController.swift */ = {isa = PBXFileReference; lastKnownFileType = sourcecode.swift; path = WeightViewController.swift; sourceTree = "<group>"; };
		37E274DA25DDD423003B663F /* VolumeViewController.swift */ = {isa = PBXFileReference; lastKnownFileType = sourcecode.swift; path = VolumeViewController.swift; sourceTree = "<group>"; };
		37E274DD25DDD435003B663F /* LengthViewController.swift */ = {isa = PBXFileReference; lastKnownFileType = sourcecode.swift; path = LengthViewController.swift; sourceTree = "<group>"; };
		37E274E725DDD704003B663F /* CustomKeyboard.swift */ = {isa = PBXFileReference; lastKnownFileType = sourcecode.swift; path = CustomKeyboard.swift; sourceTree = "<group>"; };
		37E274E825DDD704003B663F /* CustomKeyboard.xib */ = {isa = PBXFileReference; lastKnownFileType = file.xib; path = CustomKeyboard.xib; sourceTree = "<group>"; };
/* End PBXFileReference section */

/* Begin PBXFrameworksBuildPhase section */
		3718804325D9D11B002E0B77 /* Frameworks */ = {
			isa = PBXFrameworksBuildPhase;
			buildActionMask = 2147483647;
			files = (
			);
			runOnlyForDeploymentPostprocessing = 0;
		};
/* End PBXFrameworksBuildPhase section */

/* Begin PBXGroup section */
		3718803D25D9D11B002E0B77 = {
			isa = PBXGroup;
			children = (
				3718804825D9D11B002E0B77 /* UnitConverter */,
				3718804725D9D11B002E0B77 /* Products */,
			);
			sourceTree = "<group>";
		};
		3718804725D9D11B002E0B77 /* Products */ = {
			isa = PBXGroup;
			children = (
				3718804625D9D11B002E0B77 /* UnitConverter.app */,
			);
			name = Products;
			sourceTree = "<group>";
		};
		3718804825D9D11B002E0B77 /* UnitConverter */ = {
			isa = PBXGroup;
			children = (
				374A675325DBCCFA00703239 /* Models */,
				374A675225DBCCF000703239 /* Views */,
				374A675125DBCCDE00703239 /* Controllers */,
				3718804925D9D11B002E0B77 /* AppDelegate.swift */,
				3718804B25D9D11B002E0B77 /* SceneDelegate.swift */,
				3718805225D9D11C002E0B77 /* Assets.xcassets */,
				3718805725D9D11C002E0B77 /* Info.plist */,
			);
			path = UnitConverter;
			sourceTree = "<group>";
		};
		374A675125DBCCDE00703239 /* Controllers */ = {
			isa = PBXGroup;
			children = (
				37E274E725DDD704003B663F /* CustomKeyboard.swift */,
				3718804D25D9D11B002E0B77 /* ViewController.swift */,
				372277D425DC1CE400FE4F3B /* TemperatureViewController.swift */,
				37E274D425DDD3EF003B663F /* SpeedViewController.swift */,
				37E274D725DDD40E003B663F /* WeightViewController.swift */,
				37E274DA25DDD423003B663F /* VolumeViewController.swift */,
				37E274DD25DDD435003B663F /* LengthViewController.swift */,
				37DAEF7325FC1E3C005779C2 /* HistoryViewController.swift */,
				37DAEF7625FC4ACF005779C2 /* SettingsViewController.swift */,
				374B0C8A25FFE557007C1E04 /* Utils.swift */,
			);
			path = Controllers;
			sourceTree = "<group>";
		};
		374A675225DBCCF000703239 /* Views */ = {
			isa = PBXGroup;
			children = (
				379D86D825FEBC4C00FEACD1 /* Extensions */,
				3718804F25D9D11B002E0B77 /* Main.storyboard */,
				3718805425D9D11C002E0B77 /* LaunchScreen.storyboard */,
				37E274E825DDD704003B663F /* CustomKeyboard.xib */,
			);
			path = Views;
			sourceTree = "<group>";
		};
		374A675325DBCCFA00703239 /* Models */ = {
			isa = PBXGroup;
			children = (
				379D86DC25FEC79B00FEACD1 /* Temperature.swift */,
				37C2FF8026012ED2005392FE /* Speed.swift */,
				37CBC0BC26014D4C00D1F3FE /* Length.swift */,
			);
			path = Models;
			sourceTree = "<group>";
		};
		379D86D825FEBC4C00FEACD1 /* Extensions */ = {
			isa = PBXGroup;
			children = (
				379D86D925FEBC8200FEACD1 /* UITableView+EmptyMessage.swift */,
				3769CA31260053FA00502052 /* UIViewController+Toast.swift */,
			);
			path = Extensions;
			sourceTree = "<group>";
		};
/* End PBXGroup section */

/* Begin PBXNativeTarget section */
		3718804525D9D11B002E0B77 /* UnitConverter */ = {
			isa = PBXNativeTarget;
			buildConfigurationList = 3718805A25D9D11C002E0B77 /* Build configuration list for PBXNativeTarget "UnitConverter" */;
			buildPhases = (
				3718804225D9D11B002E0B77 /* Sources */,
				3718804325D9D11B002E0B77 /* Frameworks */,
				3718804425D9D11B002E0B77 /* Resources */,
			);
			buildRules = (
			);
			dependencies = (
			);
			name = UnitConverter;
			productName = UnitConverter;
			productReference = 3718804625D9D11B002E0B77 /* UnitConverter.app */;
			productType = "com.apple.product-type.application";
		};
/* End PBXNativeTarget section */

/* Begin PBXProject section */
		3718803E25D9D11B002E0B77 /* Project object */ = {
			isa = PBXProject;
			attributes = {
				LastSwiftUpdateCheck = 1240;
				LastUpgradeCheck = 1240;
				TargetAttributes = {
					3718804525D9D11B002E0B77 = {
						CreatedOnToolsVersion = 12.4;
					};
				};
			};
			buildConfigurationList = 3718804125D9D11B002E0B77 /* Build configuration list for PBXProject "UnitConverter" */;
			compatibilityVersion = "Xcode 9.3";
			developmentRegion = en;
			hasScannedForEncodings = 0;
			knownRegions = (
				en,
				Base,
			);
			mainGroup = 3718803D25D9D11B002E0B77;
			productRefGroup = 3718804725D9D11B002E0B77 /* Products */;
			projectDirPath = "";
			projectRoot = "";
			targets = (
				3718804525D9D11B002E0B77 /* UnitConverter */,
			);
		};
/* End PBXProject section */

/* Begin PBXResourcesBuildPhase section */
		3718804425D9D11B002E0B77 /* Resources */ = {
			isa = PBXResourcesBuildPhase;
			buildActionMask = 2147483647;
			files = (
				3718805625D9D11C002E0B77 /* LaunchScreen.storyboard in Resources */,
				3718805325D9D11C002E0B77 /* Assets.xcassets in Resources */,
				3718805125D9D11B002E0B77 /* Main.storyboard in Resources */,
				37E274EA25DDD704003B663F /* CustomKeyboard.xib in Resources */,
			);
			runOnlyForDeploymentPostprocessing = 0;
		};
/* End PBXResourcesBuildPhase section */

/* Begin PBXSourcesBuildPhase section */
		3718804225D9D11B002E0B77 /* Sources */ = {
			isa = PBXSourcesBuildPhase;
			buildActionMask = 2147483647;
			files = (
				37E274E925DDD704003B663F /* CustomKeyboard.swift in Sources */,
				379D86DA25FEBC8200FEACD1 /* UITableView+EmptyMessage.swift in Sources */,
				37E274DB25DDD423003B663F /* VolumeViewController.swift in Sources */,
				374B0C8B25FFE557007C1E04 /* Utils.swift in Sources */,
				37DAEF7725FC4ACF005779C2 /* SettingsViewController.swift in Sources */,
				37E274D825DDD40E003B663F /* WeightViewController.swift in Sources */,
				37DAEF7425FC1E3C005779C2 /* HistoryViewController.swift in Sources */,
				37C2FF8126012ED2005392FE /* Speed.swift in Sources */,
				3718804E25D9D11B002E0B77 /* ViewController.swift in Sources */,
				37E274D525DDD3EF003B663F /* SpeedViewController.swift in Sources */,
				3769CA32260053FA00502052 /* UIViewController+Toast.swift in Sources */,
				3718804A25D9D11B002E0B77 /* AppDelegate.swift in Sources */,
				379D86DD25FEC79B00FEACD1 /* Temperature.swift in Sources */,
				3718804C25D9D11B002E0B77 /* SceneDelegate.swift in Sources */,
				37E274DE25DDD435003B663F /* LengthViewController.swift in Sources */,
				372277D525DC1CE400FE4F3B /* TemperatureViewController.swift in Sources */,
				37CBC0BD26014D4C00D1F3FE /* Length.swift in Sources */,
			);
			runOnlyForDeploymentPostprocessing = 0;
		};
/* End PBXSourcesBuildPhase section */

/* Begin PBXVariantGroup section */
		3718804F25D9D11B002E0B77 /* Main.storyboard */ = {
			isa = PBXVariantGroup;
			children = (
				3718805025D9D11B002E0B77 /* Base */,
			);
			name = Main.storyboard;
			sourceTree = "<group>";
		};
		3718805425D9D11C002E0B77 /* LaunchScreen.storyboard */ = {
			isa = PBXVariantGroup;
			children = (
				3718805525D9D11C002E0B77 /* Base */,
			);
			name = LaunchScreen.storyboard;
			sourceTree = "<group>";
		};
/* End PBXVariantGroup section */

/* Begin XCBuildConfiguration section */
		3718805825D9D11C002E0B77 /* Debug */ = {
			isa = XCBuildConfiguration;
			buildSettings = {
				ALWAYS_SEARCH_USER_PATHS = NO;
				CLANG_ANALYZER_NONNULL = YES;
				CLANG_ANALYZER_NUMBER_OBJECT_CONVERSION = YES_AGGRESSIVE;
				CLANG_CXX_LANGUAGE_STANDARD = "gnu++14";
				CLANG_CXX_LIBRARY = "libc++";
				CLANG_ENABLE_MODULES = YES;
				CLANG_ENABLE_OBJC_ARC = YES;
				CLANG_ENABLE_OBJC_WEAK = YES;
				CLANG_WARN_BLOCK_CAPTURE_AUTORELEASING = YES;
				CLANG_WARN_BOOL_CONVERSION = YES;
				CLANG_WARN_COMMA = YES;
				CLANG_WARN_CONSTANT_CONVERSION = YES;
				CLANG_WARN_DEPRECATED_OBJC_IMPLEMENTATIONS = YES;
				CLANG_WARN_DIRECT_OBJC_ISA_USAGE = YES_ERROR;
				CLANG_WARN_DOCUMENTATION_COMMENTS = YES;
				CLANG_WARN_EMPTY_BODY = YES;
				CLANG_WARN_ENUM_CONVERSION = YES;
				CLANG_WARN_INFINITE_RECURSION = YES;
				CLANG_WARN_INT_CONVERSION = YES;
				CLANG_WARN_NON_LITERAL_NULL_CONVERSION = YES;
				CLANG_WARN_OBJC_IMPLICIT_RETAIN_SELF = YES;
				CLANG_WARN_OBJC_LITERAL_CONVERSION = YES;
				CLANG_WARN_OBJC_ROOT_CLASS = YES_ERROR;
				CLANG_WARN_QUOTED_INCLUDE_IN_FRAMEWORK_HEADER = YES;
				CLANG_WARN_RANGE_LOOP_ANALYSIS = YES;
				CLANG_WARN_STRICT_PROTOTYPES = YES;
				CLANG_WARN_SUSPICIOUS_MOVE = YES;
				CLANG_WARN_UNGUARDED_AVAILABILITY = YES_AGGRESSIVE;
				CLANG_WARN_UNREACHABLE_CODE = YES;
				CLANG_WARN__DUPLICATE_METHOD_MATCH = YES;
				COPY_PHASE_STRIP = NO;
				DEBUG_INFORMATION_FORMAT = dwarf;
				ENABLE_STRICT_OBJC_MSGSEND = YES;
				ENABLE_TESTABILITY = YES;
				GCC_C_LANGUAGE_STANDARD = gnu11;
				GCC_DYNAMIC_NO_PIC = NO;
				GCC_NO_COMMON_BLOCKS = YES;
				GCC_OPTIMIZATION_LEVEL = 0;
				GCC_PREPROCESSOR_DEFINITIONS = (
					"DEBUG=1",
					"$(inherited)",
				);
				GCC_WARN_64_TO_32_BIT_CONVERSION = YES;
				GCC_WARN_ABOUT_RETURN_TYPE = YES_ERROR;
				GCC_WARN_UNDECLARED_SELECTOR = YES;
				GCC_WARN_UNINITIALIZED_AUTOS = YES_AGGRESSIVE;
				GCC_WARN_UNUSED_FUNCTION = YES;
				GCC_WARN_UNUSED_VARIABLE = YES;
				IPHONEOS_DEPLOYMENT_TARGET = 14.4;
				MTL_ENABLE_DEBUG_INFO = INCLUDE_SOURCE;
				MTL_FAST_MATH = YES;
				ONLY_ACTIVE_ARCH = YES;
				SDKROOT = iphoneos;
				SWIFT_ACTIVE_COMPILATION_CONDITIONS = DEBUG;
				SWIFT_OPTIMIZATION_LEVEL = "-Onone";
			};
			name = Debug;
		};
		3718805925D9D11C002E0B77 /* Release */ = {
			isa = XCBuildConfiguration;
			buildSettings = {
				ALWAYS_SEARCH_USER_PATHS = NO;
				CLANG_ANALYZER_NONNULL = YES;
				CLANG_ANALYZER_NUMBER_OBJECT_CONVERSION = YES_AGGRESSIVE;
				CLANG_CXX_LANGUAGE_STANDARD = "gnu++14";
				CLANG_CXX_LIBRARY = "libc++";
				CLANG_ENABLE_MODULES = YES;
				CLANG_ENABLE_OBJC_ARC = YES;
				CLANG_ENABLE_OBJC_WEAK = YES;
				CLANG_WARN_BLOCK_CAPTURE_AUTORELEASING = YES;
				CLANG_WARN_BOOL_CONVERSION = YES;
				CLANG_WARN_COMMA = YES;
				CLANG_WARN_CONSTANT_CONVERSION = YES;
				CLANG_WARN_DEPRECATED_OBJC_IMPLEMENTATIONS = YES;
				CLANG_WARN_DIRECT_OBJC_ISA_USAGE = YES_ERROR;
				CLANG_WARN_DOCUMENTATION_COMMENTS = YES;
				CLANG_WARN_EMPTY_BODY = YES;
				CLANG_WARN_ENUM_CONVERSION = YES;
				CLANG_WARN_INFINITE_RECURSION = YES;
				CLANG_WARN_INT_CONVERSION = YES;
				CLANG_WARN_NON_LITERAL_NULL_CONVERSION = YES;
				CLANG_WARN_OBJC_IMPLICIT_RETAIN_SELF = YES;
				CLANG_WARN_OBJC_LITERAL_CONVERSION = YES;
				CLANG_WARN_OBJC_ROOT_CLASS = YES_ERROR;
				CLANG_WARN_QUOTED_INCLUDE_IN_FRAMEWORK_HEADER = YES;
				CLANG_WARN_RANGE_LOOP_ANALYSIS = YES;
				CLANG_WARN_STRICT_PROTOTYPES = YES;
				CLANG_WARN_SUSPICIOUS_MOVE = YES;
				CLANG_WARN_UNGUARDED_AVAILABILITY = YES_AGGRESSIVE;
				CLANG_WARN_UNREACHABLE_CODE = YES;
				CLANG_WARN__DUPLICATE_METHOD_MATCH = YES;
				COPY_PHASE_STRIP = NO;
				DEBUG_INFORMATION_FORMAT = "dwarf-with-dsym";
				ENABLE_NS_ASSERTIONS = NO;
				ENABLE_STRICT_OBJC_MSGSEND = YES;
				GCC_C_LANGUAGE_STANDARD = gnu11;
				GCC_NO_COMMON_BLOCKS = YES;
				GCC_WARN_64_TO_32_BIT_CONVERSION = YES;
				GCC_WARN_ABOUT_RETURN_TYPE = YES_ERROR;
				GCC_WARN_UNDECLARED_SELECTOR = YES;
				GCC_WARN_UNINITIALIZED_AUTOS = YES_AGGRESSIVE;
				GCC_WARN_UNUSED_FUNCTION = YES;
				GCC_WARN_UNUSED_VARIABLE = YES;
				IPHONEOS_DEPLOYMENT_TARGET = 14.4;
				MTL_ENABLE_DEBUG_INFO = NO;
				MTL_FAST_MATH = YES;
				SDKROOT = iphoneos;
				SWIFT_COMPILATION_MODE = wholemodule;
				SWIFT_OPTIMIZATION_LEVEL = "-O";
				VALIDATE_PRODUCT = YES;
			};
			name = Release;
		};
		3718805B25D9D11C002E0B77 /* Debug */ = {
			isa = XCBuildConfiguration;
			buildSettings = {
				ASSETCATALOG_COMPILER_APPICON_NAME = AppIcon;
				ASSETCATALOG_COMPILER_GLOBAL_ACCENT_COLOR_NAME = AccentColor;
				CODE_SIGN_STYLE = Automatic;
				DEVELOPMENT_TEAM = 3DU526BKQH;
				INFOPLIST_FILE = UnitConverter/Info.plist;
				LD_RUNPATH_SEARCH_PATHS = (
					"$(inherited)",
					"@executable_path/Frameworks",
				);
				PRODUCT_BUNDLE_IDENTIFIER = com.ios.UnitConverter;
				PRODUCT_NAME = "$(TARGET_NAME)";
				SWIFT_VERSION = 5.0;
				TARGETED_DEVICE_FAMILY = 1;
			};
			name = Debug;
		};
		3718805C25D9D11C002E0B77 /* Release */ = {
			isa = XCBuildConfiguration;
			buildSettings = {
				ASSETCATALOG_COMPILER_APPICON_NAME = AppIcon;
				ASSETCATALOG_COMPILER_GLOBAL_ACCENT_COLOR_NAME = AccentColor;
				CODE_SIGN_STYLE = Automatic;
				DEVELOPMENT_TEAM = 3DU526BKQH;
				INFOPLIST_FILE = UnitConverter/Info.plist;
				LD_RUNPATH_SEARCH_PATHS = (
					"$(inherited)",
					"@executable_path/Frameworks",
				);
				PRODUCT_BUNDLE_IDENTIFIER = com.ios.UnitConverter;
				PRODUCT_NAME = "$(TARGET_NAME)";
				SWIFT_VERSION = 5.0;
				TARGETED_DEVICE_FAMILY = 1;
			};
			name = Release;
		};
/* End XCBuildConfiguration section */

/* Begin XCConfigurationList section */
		3718804125D9D11B002E0B77 /* Build configuration list for PBXProject "UnitConverter" */ = {
			isa = XCConfigurationList;
			buildConfigurations = (
				3718805825D9D11C002E0B77 /* Debug */,
				3718805925D9D11C002E0B77 /* Release */,
			);
			defaultConfigurationIsVisible = 0;
			defaultConfigurationName = Release;
		};
		3718805A25D9D11C002E0B77 /* Build configuration list for PBXNativeTarget "UnitConverter" */ = {
			isa = XCConfigurationList;
			buildConfigurations = (
				3718805B25D9D11C002E0B77 /* Debug */,
				3718805C25D9D11C002E0B77 /* Release */,
			);
			defaultConfigurationIsVisible = 0;
			defaultConfigurationName = Release;
		};
/* End XCConfigurationList section */
	};
	rootObject = 3718803E25D9D11B002E0B77 /* Project object */;
}
